
Microsoft Visual Studio Solution File, Format Version 12.00
# Visual Studio Version 17
VisualStudioVersion = 17.6.33829.357
MinimumVisualStudioVersion = 10.0.40219.1
Project("{FAE04EC0-301F-11D3-BF4B-00C04F79EFBC}") = "OpeniGameAPI", "OpeniGameAPI\OpeniGameAPI.csproj", "{2617B9A8-8143-4DB1-BE0F-C2BB3A62724F}"
EndProject
Project("{FAE04EC0-301F-11D3-BF4B-00C04F79EFBC}") = "ConsoleTestApp", "ConsoleTestApp\ConsoleTestApp.csproj", "{20DB36B8-0033-4928-B993-83F59C0C7C2F}"
EndProject
Global
	GlobalSection(SolutionConfigurationPlatforms) = preSolution
		Debug|Any CPU = Debug|Any CPU
		Debug|x64 = Debug|x64
		Release|Any CPU = Release|Any CPU
		Release|x64 = Release|x64
	EndGlobalSection
	GlobalSection(ProjectConfigurationPlatforms) = postSolution
		{2617B9A8-8143-4DB1-BE0F-C2BB3A62724F}.Debug|Any CPU.ActiveCfg = Debug|Any CPU
		{2617B9A8-8143-4DB1-BE0F-C2BB3A62724F}.Debug|Any CPU.Build.0 = Debug|Any CPU
		{2617B9A8-8143-4DB1-BE0F-C2BB3A62724F}.Debug|x64.ActiveCfg = Debug|x64
		{2617B9A8-8143-4DB1-BE0F-C2BB3A62724F}.Debug|x64.Build.0 = Debug|x64
		{2617B9A8-8143-4DB1-BE0F-C2BB3A62724F}.Release|Any CPU.ActiveCfg = Release|Any CPU
		{2617B9A8-8143-4DB1-BE0F-C2BB3A62724F}.Release|Any CPU.Build.0 = Release|Any CPU
		{2617B9A8-8143-4DB1-BE0F-C2BB3A62724F}.Release|x64.ActiveCfg = Release|x64
		{2617B9A8-8143-4DB1-BE0F-C2BB3A62724F}.Release|x64.Build.0 = Release|x64
		{20DB36B8-0033-4928-B993-83F59C0C7C2F}.Debug|Any CPU.ActiveCfg = Debug|x64
		{20DB36B8-0033-4928-B993-83F59C0C7C2F}.Debug|Any CPU.Build.0 = Debug|x64
		{20DB36B8-0033-4928-B993-83F59C0C7C2F}.Debug|x64.ActiveCfg = Debug|x64
		{20DB36B8-0033-4928-B993-83F59C0C7C2F}.Debug|x64.Build.0 = Debug|x64
		{20DB36B8-0033-4928-B993-83F59C0C7C2F}.Release|Any CPU.ActiveCfg = Release|Any CPU
		{20DB36B8-0033-4928-B993-83F59C0C7C2F}.Release|Any CPU.Build.0 = Release|Any CPU
		{20DB36B8-0033-4928-B993-83F59C0C7C2F}.Release|x64.ActiveCfg = Release|x64
		{20DB36B8-0033-4928-B993-83F59C0C7C2F}.Release|x64.Build.0 = Release|x64
	EndGlobalSection
	GlobalSection(SolutionProperties) = preSolution
		HideSolutionNode = FALSE
	EndGlobalSection
	GlobalSection(ExtensibilityGlobals) = postSolution
		SolutionGuid = {CAB01D5E-D45D-45F4-B1CF-BBA48E57B592}
	EndGlobalSection
EndGlobal
